
Microsoft Visual Studio Solution File, Format Version 12.00
# Visual Studio 2013
VisualStudioVersion = 12.0.21005.1
MinimumVisualStudioVersion = 10.0.40219.1
Project("{FAE04EC0-301F-11D3-BF4B-00C04F79EFBC}") = "SportSite", "SportSite\SportSite.csproj", "{0101AE8B-9623-4EC5-88EC-886625A71AE9}"
	ProjectSection(ProjectDependencies) = postProject
		{44D61DC6-B632-4000-AE96-9229611CAA66} = {44D61DC6-B632-4000-AE96-9229611CAA66}
	EndProjectSection
EndProject
Project("{FAE04EC0-301F-11D3-BF4B-00C04F79EFBC}") = "SportSiteBAL", "SportSiteBAL\SportSiteBAL.csproj", "{44D61DC6-B632-4000-AE96-9229611CAA66}"
	ProjectSection(ProjectDependencies) = postProject
		{A4B4031C-3373-4361-9F10-1AB8082BDD8B} = {A4B4031C-3373-4361-9F10-1AB8082BDD8B}
	EndProjectSection
EndProject
Project("{FAE04EC0-301F-11D3-BF4B-00C04F79EFBC}") = "SportSiteDAL", "SportSiteDAL\SportSiteDAL.csproj", "{A4B4031C-3373-4361-9F10-1AB8082BDD8B}"
EndProject
Global
	GlobalSection(SolutionConfigurationPlatforms) = preSolution
		Debug|Any CPU = Debug|Any CPU
		Release|Any CPU = Release|Any CPU
	EndGlobalSection
	GlobalSection(ProjectConfigurationPlatforms) = postSolution
		{0101AE8B-9623-4EC5-88EC-886625A71AE9}.Debug|Any CPU.ActiveCfg = Debug|Any CPU
		{0101AE8B-9623-4EC5-88EC-886625A71AE9}.Debug|Any CPU.Build.0 = Debug|Any CPU
		{0101AE8B-9623-4EC5-88EC-886625A71AE9}.Release|Any CPU.ActiveCfg = Release|Any CPU
		{0101AE8B-9623-4EC5-88EC-886625A71AE9}.Release|Any CPU.Build.0 = Release|Any CPU
		{44D61DC6-B632-4000-AE96-9229611CAA66}.Debug|Any CPU.ActiveCfg = Debug|Any CPU
		{44D61DC6-B632-4000-AE96-9229611CAA66}.Debug|Any CPU.Build.0 = Debug|Any CPU
		{44D61DC6-B632-4000-AE96-9229611CAA66}.Release|Any CPU.ActiveCfg = Release|Any CPU
		{44D61DC6-B632-4000-AE96-9229611CAA66}.Release|Any CPU.Build.0 = Release|Any CPU
		{A4B4031C-3373-4361-9F10-1AB8082BDD8B}.Debug|Any CPU.ActiveCfg = Debug|Any CPU
		{A4B4031C-3373-4361-9F10-1AB8082BDD8B}.Debug|Any CPU.Build.0 = Debug|Any CPU
		{A4B4031C-3373-4361-9F10-1AB8082BDD8B}.Release|Any CPU.ActiveCfg = Release|Any CPU
		{A4B4031C-3373-4361-9F10-1AB8082BDD8B}.Release|Any CPU.Build.0 = Release|Any CPU
	EndGlobalSection
	GlobalSection(SolutionProperties) = preSolution
		HideSolutionNode = FALSE
	EndGlobalSection
EndGlobal
